{
  "originHash" : "bacfc4a3307169bc76920288529fb308c9d7a76bec363a83eb21eb615630603d",
  "pins" : [
    {
      "identity" : "swift-protobuf",
      "kind" : "remoteSourceControl",
      "location" : "https://github.com/apple/swift-protobuf",
      "state" : {
        "revision" : "c5ab62237f21cad094812719a1bbe29443407c5f",
        "version" : "1.34.1"
      }
    }
  ],
  "version" : 3
}
